
Microsoft Visual Studio Solution File, Format Version 12.00
# Visual Studio Version 16
VisualStudioVersion = 16.0.29503.13
MinimumVisualStudioVersion = 10.0.40219.1
Project("{2150E333-8FDC-42A3-9474-1A3956D46DE8}") = "01.- Web", "01.- Web", "{911251B8-1149-42A7-BDB0-2C077ACFCF08}"
EndProject
Project("{2150E333-8FDC-42A3-9474-1A3956D46DE8}") = "02.- Core", "02.- Core", "{3A186EDB-5318-4EF5-BBD0-14CC01317614}"
EndProject
Project("{2150E333-8FDC-42A3-9474-1A3956D46DE8}") = "01.-Api", "01.-Api", "{C009DB65-FA32-442E-89B2-0690C5FE450E}"
EndProject
Project("{2150E333-8FDC-42A3-9474-1A3956D46DE8}") = "02.- Data", "02.- Data", "{34E3E376-132A-4773-B08F-1EE2987E70AD}"
EndProject
Project("{2150E333-8FDC-42A3-9474-1A3956D46DE8}") = "03.-Security", "03.-Security", "{92ED2F1B-E9A7-484E-B6AE-B86A2F3064E8}"
EndProject
Project("{2150E333-8FDC-42A3-9474-1A3956D46DE8}") = "04.- Log", "04.- Log", "{B998F8FC-7E7A-407F-A09F-ADDFABE6091B}"
EndProject
Project("{2150E333-8FDC-42A3-9474-1A3956D46DE8}") = "01.-Api", "01.-Api", "{079E5E91-FA85-448A-9B2C-26AB79510E32}"
EndProject
Project("{2150E333-8FDC-42A3-9474-1A3956D46DE8}") = "02.- Common", "02.- Common", "{49914693-98D0-4AFD-ABB8-64C3FD358642}"
EndProject
Project("{2150E333-8FDC-42A3-9474-1A3956D46DE8}") = "01.- Api", "01.- Api", "{9747EB8C-2D72-47EC-8548-F4D3DBB47560}"
EndProject
Project("{2150E333-8FDC-42A3-9474-1A3956D46DE8}") = "02.- Data", "02.- Data", "{CF16506E-49C6-4B0E-9DB8-BDFFD04ABA67}"
EndProject
Project("{2150E333-8FDC-42A3-9474-1A3956D46DE8}") = "03.- Proxy", "03.- Proxy", "{254F365F-6CF5-4B93-B782-E37F9BE9F1D0}"
EndProject
Project("{2150E333-8FDC-42A3-9474-1A3956D46DE8}") = "03.- Proxy", "03.- Proxy", "{3DDE3813-0A49-4D2E-9CB0-D30B5B1118BD}"
EndProject
Project("{9A19103F-16F7-4668-BE54-9A1E7A4F7556}") = "Modelo.Security.Models", "Modelo.Security.Models\Modelo.Security.Models.csproj", "{0B142C2F-42B6-4D33-9FA2-C3FA64756192}"
EndProject
Project("{9A19103F-16F7-4668-BE54-9A1E7A4F7556}") = "Modelo.Security.DataAcces", "Modelo.Security.DataAcces\Modelo.Security.DataAcces.csproj", "{41905932-5F9D-4FB9-B79F-824485610D9F}"
EndProject
Project("{9A19103F-16F7-4668-BE54-9A1E7A4F7556}") = "Modelo.Security.Business", "Modelo.Security.Business\Modelo.Security.Business.csproj", "{81FEFDC7-55D1-4579-AC2F-AAC97AA03942}"
EndProject
Project("{FAE04EC0-301F-11D3-BF4B-00C04F79EFBC}") = "Modelo.Security.Api", "Modelo.Security.Api\Modelo.Security.Api.csproj", "{E53847BA-23AA-4B47-9451-21213F0DBF4E}"
EndProject
Global
	GlobalSection(SolutionConfigurationPlatforms) = preSolution
		Debug|Any CPU = Debug|Any CPU
		Release|Any CPU = Release|Any CPU
	EndGlobalSection
	GlobalSection(ProjectConfigurationPlatforms) = postSolution
		{0B142C2F-42B6-4D33-9FA2-C3FA64756192}.Debug|Any CPU.ActiveCfg = Debug|Any CPU
		{0B142C2F-42B6-4D33-9FA2-C3FA64756192}.Debug|Any CPU.Build.0 = Debug|Any CPU
		{0B142C2F-42B6-4D33-9FA2-C3FA64756192}.Release|Any CPU.ActiveCfg = Release|Any CPU
		{0B142C2F-42B6-4D33-9FA2-C3FA64756192}.Release|Any CPU.Build.0 = Release|Any CPU
		{41905932-5F9D-4FB9-B79F-824485610D9F}.Debug|Any CPU.ActiveCfg = Debug|Any CPU
		{41905932-5F9D-4FB9-B79F-824485610D9F}.Debug|Any CPU.Build.0 = Debug|Any CPU
		{41905932-5F9D-4FB9-B79F-824485610D9F}.Release|Any CPU.ActiveCfg = Release|Any CPU
		{41905932-5F9D-4FB9-B79F-824485610D9F}.Release|Any CPU.Build.0 = Release|Any CPU
		{81FEFDC7-55D1-4579-AC2F-AAC97AA03942}.Debug|Any CPU.ActiveCfg = Debug|Any CPU
		{81FEFDC7-55D1-4579-AC2F-AAC97AA03942}.Debug|Any CPU.Build.0 = Debug|Any CPU
		{81FEFDC7-55D1-4579-AC2F-AAC97AA03942}.Release|Any CPU.ActiveCfg = Release|Any CPU
		{81FEFDC7-55D1-4579-AC2F-AAC97AA03942}.Release|Any CPU.Build.0 = Release|Any CPU
		{E53847BA-23AA-4B47-9451-21213F0DBF4E}.Debug|Any CPU.ActiveCfg = Debug|Any CPU
		{E53847BA-23AA-4B47-9451-21213F0DBF4E}.Debug|Any CPU.Build.0 = Debug|Any CPU
		{E53847BA-23AA-4B47-9451-21213F0DBF4E}.Release|Any CPU.ActiveCfg = Release|Any CPU
		{E53847BA-23AA-4B47-9451-21213F0DBF4E}.Release|Any CPU.Build.0 = Release|Any CPU
	EndGlobalSection
	GlobalSection(SolutionProperties) = preSolution
		HideSolutionNode = FALSE
	EndGlobalSection
	GlobalSection(NestedProjects) = preSolution
		{C009DB65-FA32-442E-89B2-0690C5FE450E} = {3A186EDB-5318-4EF5-BBD0-14CC01317614}
		{34E3E376-132A-4773-B08F-1EE2987E70AD} = {3A186EDB-5318-4EF5-BBD0-14CC01317614}
		{079E5E91-FA85-448A-9B2C-26AB79510E32} = {B998F8FC-7E7A-407F-A09F-ADDFABE6091B}
		{49914693-98D0-4AFD-ABB8-64C3FD358642} = {B998F8FC-7E7A-407F-A09F-ADDFABE6091B}
		{9747EB8C-2D72-47EC-8548-F4D3DBB47560} = {92ED2F1B-E9A7-484E-B6AE-B86A2F3064E8}
		{CF16506E-49C6-4B0E-9DB8-BDFFD04ABA67} = {92ED2F1B-E9A7-484E-B6AE-B86A2F3064E8}
		{254F365F-6CF5-4B93-B782-E37F9BE9F1D0} = {92ED2F1B-E9A7-484E-B6AE-B86A2F3064E8}
		{3DDE3813-0A49-4D2E-9CB0-D30B5B1118BD} = {3A186EDB-5318-4EF5-BBD0-14CC01317614}
		{0B142C2F-42B6-4D33-9FA2-C3FA64756192} = {CF16506E-49C6-4B0E-9DB8-BDFFD04ABA67}
		{41905932-5F9D-4FB9-B79F-824485610D9F} = {CF16506E-49C6-4B0E-9DB8-BDFFD04ABA67}
		{81FEFDC7-55D1-4579-AC2F-AAC97AA03942} = {CF16506E-49C6-4B0E-9DB8-BDFFD04ABA67}
		{E53847BA-23AA-4B47-9451-21213F0DBF4E} = {9747EB8C-2D72-47EC-8548-F4D3DBB47560}
	EndGlobalSection
	GlobalSection(ExtensibilityGlobals) = postSolution
		SolutionGuid = {98D6CAC9-A58A-44C8-B624-00F934FA46EC}
	EndGlobalSection
EndGlobal
